
Microsoft Visual Studio Solution File, Format Version 12.00
# Visual Studio Version 17
VisualStudioVersion = 17.1.32210.238
MinimumVisualStudioVersion = 10.0.40219.1
Project("{FAE04EC0-301F-11D3-BF4B-00C04F79EFBC}") = "Ex01_Nullable", "Ex01_Nullable\Ex01_Nullable.csproj", "{35B42732-0B04-45D4-A5D3-911D7A61C97A}"
EndProject
Project("{FAE04EC0-301F-11D3-BF4B-00C04F79EFBC}") = "Ex02_Data", "Ex02_Data\Ex02_Data.csproj", "{C2FD2250-F56A-46B6-8119-D5738AB169E4}"
EndProject
Project("{FAE04EC0-301F-11D3-BF4B-00C04F79EFBC}") = "Ex03_Singleton", "Ex03_Singleton\Ex03_Singleton.csproj", "{507F04DE-1F48-4DE7-8605-0431ED647B78}"
EndProject
Project("{FAE04EC0-301F-11D3-BF4B-00C04F79EFBC}") = "Ex04_var_Type", "Ex04_var\Ex04_var_Type.csproj", "{64F780F0-CF6D-4A8E-B4AA-88751707A6AB}"
EndProject
Project("{FAE04EC0-301F-11D3-BF4B-00C04F79EFBC}") = "Ex05_var_List", "Ex05_var_List\Ex05_var_List.csproj", "{7F1AF250-0AC8-4DCA-AC98-49B22263BF71}"
EndProject
Project("{FAE04EC0-301F-11D3-BF4B-00C04F79EFBC}") = "Ex06_yield", "Ex06_yield\Ex06_yield.csproj", "{5C224B9A-5EA8-44E9-A307-51D69E7D2015}"
EndProject
Global
	GlobalSection(SolutionConfigurationPlatforms) = preSolution
		Debug|Any CPU = Debug|Any CPU
		Release|Any CPU = Release|Any CPU
	EndGlobalSection
	GlobalSection(ProjectConfigurationPlatforms) = postSolution
		{35B42732-0B04-45D4-A5D3-911D7A61C97A}.Debug|Any CPU.ActiveCfg = Debug|Any CPU
		{35B42732-0B04-45D4-A5D3-911D7A61C97A}.Debug|Any CPU.Build.0 = Debug|Any CPU
		{35B42732-0B04-45D4-A5D3-911D7A61C97A}.Release|Any CPU.ActiveCfg = Release|Any CPU
		{35B42732-0B04-45D4-A5D3-911D7A61C97A}.Release|Any CPU.Build.0 = Release|Any CPU
		{C2FD2250-F56A-46B6-8119-D5738AB169E4}.Debug|Any CPU.ActiveCfg = Debug|Any CPU
		{C2FD2250-F56A-46B6-8119-D5738AB169E4}.Debug|Any CPU.Build.0 = Debug|Any CPU
		{C2FD2250-F56A-46B6-8119-D5738AB169E4}.Release|Any CPU.ActiveCfg = Release|Any CPU
		{C2FD2250-F56A-46B6-8119-D5738AB169E4}.Release|Any CPU.Build.0 = Release|Any CPU
		{507F04DE-1F48-4DE7-8605-0431ED647B78}.Debug|Any CPU.ActiveCfg = Debug|Any CPU
		{507F04DE-1F48-4DE7-8605-0431ED647B78}.Debug|Any CPU.Build.0 = Debug|Any CPU
		{507F04DE-1F48-4DE7-8605-0431ED647B78}.Release|Any CPU.ActiveCfg = Release|Any CPU
		{507F04DE-1F48-4DE7-8605-0431ED647B78}.Release|Any CPU.Build.0 = Release|Any CPU
		{64F780F0-CF6D-4A8E-B4AA-88751707A6AB}.Debug|Any CPU.ActiveCfg = Debug|Any CPU
		{64F780F0-CF6D-4A8E-B4AA-88751707A6AB}.Debug|Any CPU.Build.0 = Debug|Any CPU
		{64F780F0-CF6D-4A8E-B4AA-88751707A6AB}.Release|Any CPU.ActiveCfg = Release|Any CPU
		{64F780F0-CF6D-4A8E-B4AA-88751707A6AB}.Release|Any CPU.Build.0 = Release|Any CPU
		{7F1AF250-0AC8-4DCA-AC98-49B22263BF71}.Debug|Any CPU.ActiveCfg = Debug|Any CPU
		{7F1AF250-0AC8-4DCA-AC98-49B22263BF71}.Debug|Any CPU.Build.0 = Debug|Any CPU
		{7F1AF250-0AC8-4DCA-AC98-49B22263BF71}.Release|Any CPU.ActiveCfg = Release|Any CPU
		{7F1AF250-0AC8-4DCA-AC98-49B22263BF71}.Release|Any CPU.Build.0 = Release|Any CPU
		{5C224B9A-5EA8-44E9-A307-51D69E7D2015}.Debug|Any CPU.ActiveCfg = Debug|Any CPU
		{5C224B9A-5EA8-44E9-A307-51D69E7D2015}.Debug|Any CPU.Build.0 = Debug|Any CPU
		{5C224B9A-5EA8-44E9-A307-51D69E7D2015}.Release|Any CPU.ActiveCfg = Release|Any CPU
		{5C224B9A-5EA8-44E9-A307-51D69E7D2015}.Release|Any CPU.Build.0 = Release|Any CPU
	EndGlobalSection
	GlobalSection(SolutionProperties) = preSolution
		HideSolutionNode = FALSE
	EndGlobalSection
	GlobalSection(ExtensibilityGlobals) = postSolution
		SolutionGuid = {A73B329E-502A-478A-BE9A-2E0779FD8085}
	EndGlobalSection
EndGlobal
